
Microsoft Visual Studio Solution File, Format Version 12.00
# Visual Studio 15
VisualStudioVersion = 15.0.26228.9
MinimumVisualStudioVersion = 10.0.40219.1
Project("{FAE04EC0-301F-11D3-BF4B-00C04F79EFBC}") = "Clases Abstractas", "Clases Abstractas\Clases Abstractas.csproj", "{BDACDEE8-089C-4A17-A83D-E4B5234B9885}"
EndProject
Project("{FAE04EC0-301F-11D3-BF4B-00C04F79EFBC}") = "Excepciones", "Excepciones\Excepciones.csproj", "{846AA126-D17C-4410-B448-73E895C8BE07}"
EndProject
Project("{FAE04EC0-301F-11D3-BF4B-00C04F79EFBC}") = "Clases Instanciables", "Clases Instanciables\Clases Instanciables.csproj", "{D84223C2-932A-44FA-B39D-1D261C19EAF4}"
EndProject
Project("{FAE04EC0-301F-11D3-BF4B-00C04F79EFBC}") = "Archivos", "Archivos\Archivos.csproj", "{5FE59C50-826C-457A-9C73-3F0E33330B5E}"
EndProject
Project("{FAE04EC0-301F-11D3-BF4B-00C04F79EFBC}") = "Console Test", "Console Test\Console Test.csproj", "{3BC99202-C491-4E66-AACC-D057A5784903}"
EndProject
Project("{FAE04EC0-301F-11D3-BF4B-00C04F79EFBC}") = "Unit Tests", "Unit Tests\Unit Tests.csproj", "{45E72E91-37B0-447F-BE8C-9455BC695D20}"
EndProject
Global
	GlobalSection(SolutionConfigurationPlatforms) = preSolution
		Debug|Any CPU = Debug|Any CPU
		Release|Any CPU = Release|Any CPU
	EndGlobalSection
	GlobalSection(ProjectConfigurationPlatforms) = postSolution
		{BDACDEE8-089C-4A17-A83D-E4B5234B9885}.Debug|Any CPU.ActiveCfg = Debug|Any CPU
		{BDACDEE8-089C-4A17-A83D-E4B5234B9885}.Debug|Any CPU.Build.0 = Debug|Any CPU
		{BDACDEE8-089C-4A17-A83D-E4B5234B9885}.Release|Any CPU.ActiveCfg = Release|Any CPU
		{BDACDEE8-089C-4A17-A83D-E4B5234B9885}.Release|Any CPU.Build.0 = Release|Any CPU
		{846AA126-D17C-4410-B448-73E895C8BE07}.Debug|Any CPU.ActiveCfg = Debug|Any CPU
		{846AA126-D17C-4410-B448-73E895C8BE07}.Debug|Any CPU.Build.0 = Debug|Any CPU
		{846AA126-D17C-4410-B448-73E895C8BE07}.Release|Any CPU.ActiveCfg = Release|Any CPU
		{846AA126-D17C-4410-B448-73E895C8BE07}.Release|Any CPU.Build.0 = Release|Any CPU
		{D84223C2-932A-44FA-B39D-1D261C19EAF4}.Debug|Any CPU.ActiveCfg = Debug|Any CPU
		{D84223C2-932A-44FA-B39D-1D261C19EAF4}.Debug|Any CPU.Build.0 = Debug|Any CPU
		{D84223C2-932A-44FA-B39D-1D261C19EAF4}.Release|Any CPU.ActiveCfg = Release|Any CPU
		{D84223C2-932A-44FA-B39D-1D261C19EAF4}.Release|Any CPU.Build.0 = Release|Any CPU
		{5FE59C50-826C-457A-9C73-3F0E33330B5E}.Debug|Any CPU.ActiveCfg = Debug|Any CPU
		{5FE59C50-826C-457A-9C73-3F0E33330B5E}.Debug|Any CPU.Build.0 = Debug|Any CPU
		{5FE59C50-826C-457A-9C73-3F0E33330B5E}.Release|Any CPU.ActiveCfg = Release|Any CPU
		{5FE59C50-826C-457A-9C73-3F0E33330B5E}.Release|Any CPU.Build.0 = Release|Any CPU
		{3BC99202-C491-4E66-AACC-D057A5784903}.Debug|Any CPU.ActiveCfg = Debug|Any CPU
		{3BC99202-C491-4E66-AACC-D057A5784903}.Debug|Any CPU.Build.0 = Debug|Any CPU
		{3BC99202-C491-4E66-AACC-D057A5784903}.Release|Any CPU.ActiveCfg = Release|Any CPU
		{3BC99202-C491-4E66-AACC-D057A5784903}.Release|Any CPU.Build.0 = Release|Any CPU
		{45E72E91-37B0-447F-BE8C-9455BC695D20}.Debug|Any CPU.ActiveCfg = Debug|Any CPU
		{45E72E91-37B0-447F-BE8C-9455BC695D20}.Debug|Any CPU.Build.0 = Debug|Any CPU
		{45E72E91-37B0-447F-BE8C-9455BC695D20}.Release|Any CPU.ActiveCfg = Release|Any CPU
		{45E72E91-37B0-447F-BE8C-9455BC695D20}.Release|Any CPU.Build.0 = Release|Any CPU
	EndGlobalSection
	GlobalSection(SolutionProperties) = preSolution
		HideSolutionNode = FALSE
	EndGlobalSection
EndGlobal
